// !$*UTF8*$!
{
	archiveVersion = 1;
	classes = {
	};
	objectVersion = 46;
	objects = {

/* Begin PBXBuildFile section */
		D877F9D61C357250007F754D /* AppDelegate.swift in Sources */ = {isa = PBXBuildFile; fileRef = D877F9D51C357250007F754D /* AppDelegate.swift */; };
		D877F9D81C357250007F754D /* ViewController.swift in Sources */ = {isa = PBXBuildFile; fileRef = D877F9D71C357250007F754D /* ViewController.swift */; };
		D877F9DB1C357250007F754D /* Main.storyboard in Resources */ = {isa = PBXBuildFile; fileRef = D877F9D91C357250007F754D /* Main.storyboard */; };
		D877F9DD1C357250007F754D /* Assets.xcassets in Resources */ = {isa = PBXBuildFile; fileRef = D877F9DC1C357250007F754D /* Assets.xcassets */; };
		D877F9E01C357251007F754D /* LaunchScreen.storyboard in Resources */ = {isa = PBXBuildFile; fileRef = D877F9DE1C357250007F754D /* LaunchScreen.storyboard */; };
/* End PBXBuildFile section */

/* Begin PBXFileReference section */
		D877F9D21C357250007F754D /* AliaShowCase.app */ = {isa = PBXFileReference; explicitFileType = wrapper.application; includeInIndex = 0; path = AliaShowCase.app; sourceTree = BUILT_PRODUCTS_DIR; };
		D877F9D51C357250007F754D /* AppDelegate.swift */ = {isa = PBXFileReference; lastKnownFileType = sourcecode.swift; path = AppDelegate.swift; sourceTree = "<group>"; };
		D877F9D71C357250007F754D /* ViewController.swift */ = {isa = PBXFileReference; lastKnownFileType = sourcecode.swift; path = ViewController.swift; sourceTree = "<group>"; };
		D877F9DA1C357250007F754D /* Base */ = {isa = PBXFileReference; lastKnownFileType = file.storyboard; name = Base; path = Base.lproj/Main.storyboard; sourceTree = "<group>"; };
		D877F9DC1C357250007F754D /* Assets.xcassets */ = {isa = PBXFileReference; lastKnownFileType = folder.assetcatalog; path = Assets.xcassets; sourceTree = "<group>"; };
		D877F9DF1C357251007F754D /* Base */ = {isa = PBXFileReference; lastKnownFileType = file.storyboard; name = Base; path = Base.lproj/LaunchScreen.storyboard; sourceTree = "<group>"; };
		D877F9E11C357251007F754D /* Info.plist */ = {isa = PBXFileReference; lastKnownFileType = text.plist.xml; path = Info.plist; sourceTree = "<group>"; };
/* End PBXFileReference section */

/* Begin PBXFrameworksBuildPhase section */
		D877F9CF1C357250007F754D /* Frameworks */ = {
			isa = PBXFrameworksBuildPhase;
			buildActionMask = 2147483647;
			files = (
			);
			runOnlyForDeploymentPostprocessing = 0;
		};
/* End PBXFrameworksBuildPhase section */

/* Begin PBXGroup section */
		D877F9C91C357250007F754D = {
			isa = PBXGroup;
			children = (
				D877F9D41C357250007F754D /* AliaShowCase */,
				D877F9D31C357250007F754D /* Products */,
			);
			sourceTree = "<group>";
		};
		D877F9D31C357250007F754D /* Products */ = {
			isa = PBXGroup;
			children = (
				D877F9D21C357250007F754D /* AliaShowCase.app */,
			);
			name = Products;
			sourceTree = "<group>";
		};
		D877F9D41C357250007F754D /* AliaShowCase */ = {
			isa = PBXGroup;
			children = (
				D877F9D51C357250007F754D /* AppDelegate.swift */,
				D877F9D71C357250007F754D /* ViewController.swift */,
				D877F9D91C357250007F754D /* Main.storyboard */,
				D877F9DC1C357250007F754D /* Assets.xcassets */,
				D877F9DE1C357250007F754D /* LaunchScreen.storyboard */,
				D877F9E11C357251007F754D /* Info.plist */,
			);
			path = AliaShowCase;
			sourceTree = "<group>";
		};
/* End PBXGroup section */

/* Begin PBXNativeTarget section */
		D877F9D11C357250007F754D /* AliaShowCase */ = {
			isa = PBXNativeTarget;
			buildConfigurationList = D877F9E41C357251007F754D /* Build configuration list for PBXNativeTarget "AliaShowCase" */;
			buildPhases = (
				D877F9CE1C357250007F754D /* Sources */,
				D877F9CF1C357250007F754D /* Frameworks */,
				D877F9D01C357250007F754D /* Resources */,
			);
			buildRules = (
			);
			dependencies = (
			);
			name = AliaShowCase;
			productName = AliaShowCase;
			productReference = D877F9D21C357250007F754D /* AliaShowCase.app */;
			productType = "com.apple.product-type.application";
		};
/* End PBXNativeTarget section */

/* Begin PBXProject section */
		D877F9CA1C357250007F754D /* Project object */ = {
			isa = PBXProject;
			attributes = {
				LastSwiftUpdateCheck = 0710;
				LastUpgradeCheck = 0710;
				ORGANIZATIONNAME = Ntime;
				TargetAttributes = {
					D877F9D11C357250007F754D = {
						CreatedOnToolsVersion = 7.1;
					};
				};
			};
			buildConfigurationList = D877F9CD1C357250007F754D /* Build configuration list for PBXProject "AliaShowCase" */;
			compatibilityVersion = "Xcode 3.2";
			developmentRegion = English;
			hasScannedForEncodings = 0;
			knownRegions = (
				en,
				Base,
			);
			mainGroup = D877F9C91C357250007F754D;
			productRefGroup = D877F9D31C357250007F754D /* Products */;
			projectDirPath = "";
			projectRoot = "";
			targets = (
				D877F9D11C357250007F754D /* AliaShowCase */,
			);
		};
/* End PBXProject section */

/* Begin PBXResourcesBuildPhase section */
		D877F9D01C357250007F754D /* Resources */ = {
			isa = PBXResourcesBuildPhase;
			buildActionMask = 2147483647;
			files = (
				D877F9E01C357251007F754D /* LaunchScreen.storyboard in Resources */,
				D877F9DD1C357250007F754D /* Assets.xcassets in Resources */,
				D877F9DB1C357250007F754D /* Main.storyboard in Resources */,
			);
			runOnlyForDeploymentPostprocessing = 0;
		};
/* End PBXResourcesBuildPhase section */

/* Begin PBXSourcesBuildPhase section */
		D877F9CE1C357250007F754D /* Sources */ = {
			isa = PBXSourcesBuildPhase;
			buildActionMask = 2147483647;
			files = (
				D877F9D81C357250007F754D /* ViewController.swift in Sources */,
				D877F9D61C357250007F754D /* AppDelegate.swift in Sources */,
			);
			runOnlyForDeploymentPostprocessing = 0;
		};
/* End PBXSourcesBuildPhase section */

/* Begin PBXVariantGroup section */
		D877F9D91C357250007F754D /* Main.storyboard */ = {
			isa = PBXVariantGroup;
			children = (
				D877F9DA1C357250007F754D /* Base */,
			);
			name = Main.storyboard;
			sourceTree = "<group>";
		};
		D877F9DE1C357250007F754D /* LaunchScreen.storyboard */ = {
			isa = PBXVariantGroup;
			children = (
				D877F9DF1C357251007F754D /* Base */,
			);
			name = LaunchScreen.storyboard;
			sourceTree = "<group>";
		};
/* End PBXVariantGroup section */

/* Begin XCBuildConfiguration section */
		D877F9E21C357251007F754D /* Debug */ = {
			isa = XCBuildConfiguration;
			buildSettings = {
				ALWAYS_SEARCH_USER_PATHS = NO;
				CLANG_CXX_LANGUAGE_STANDARD = "gnu++0x";
				CLANG_CXX_LIBRARY = "libc++";
				CLANG_ENABLE_MODULES = YES;
				CLANG_ENABLE_OBJC_ARC = YES;
				CLANG_WARN_BOOL_CONVERSION = YES;
				CLANG_WARN_CONSTANT_CONVERSION = YES;
				CLANG_WARN_DIRECT_OBJC_ISA_USAGE = YES_ERROR;
				CLANG_WARN_EMPTY_BODY = YES;
				CLANG_WARN_ENUM_CONVERSION = YES;
				CLANG_WARN_INT_CONVERSION = YES;
				CLANG_WARN_OBJC_ROOT_CLASS = YES_ERROR;
				CLANG_WARN_UNREACHABLE_CODE = YES;
				CLANG_WARN__DUPLICATE_METHOD_MATCH = YES;
				"CODE_SIGN_IDENTITY[sdk=iphoneos*]" = "iPhone Developer";
				COPY_PHASE_STRIP = NO;
				DEBUG_INFORMATION_FORMAT = dwarf;
				ENABLE_STRICT_OBJC_MSGSEND = YES;
				ENABLE_TESTABILITY = YES;
				GCC_C_LANGUAGE_STANDARD = gnu99;
				GCC_DYNAMIC_NO_PIC = NO;
				GCC_NO_COMMON_BLOCKS = YES;
				GCC_OPTIMIZATION_LEVEL = 0;
				GCC_PREPROCESSOR_DEFINITIONS = (
					"DEBUG=1",
					"$(inherited)",
				);
				GCC_WARN_64_TO_32_BIT_CONVERSION = YES;
				GCC_WARN_ABOUT_RETURN_TYPE = YES_ERROR;
				GCC_WARN_UNDECLARED_SELECTOR = YES;
				GCC_WARN_UNINITIALIZED_AUTOS = YES_AGGRESSIVE;
				GCC_WARN_UNUSED_FUNCTION = YES;
				GCC_WARN_UNUSED_VARIABLE = YES;
				IPHONEOS_DEPLOYMENT_TARGET = 9.1;
				MTL_ENABLE_DEBUG_INFO = YES;
				ONLY_ACTIVE_ARCH = YES;
				SDKROOT = iphoneos;
				SWIFT_OPTIMIZATION_LEVEL = "-Onone";
				TARGETED_DEVICE_FAMILY = "1,2";
			};
			name = Debug;
		};
		D877F9E31C357251007F754D /* Release */ = {
			isa = XCBuildConfiguration;
			buildSettings = {
				ALWAYS_SEARCH_USER_PATHS = NO;
				CLANG_CXX_LANGUAGE_STANDARD = "gnu++0x";
				CLANG_CXX_LIBRARY = "libc++";
				CLANG_ENABLE_MODULES = YES;
				CLANG_ENABLE_OBJC_ARC = YES;
				CLANG_WARN_BOOL_CONVERSION = YES;
				CLANG_WARN_CONSTANT_CONVERSION = YES;
				CLANG_WARN_DIRECT_OBJC_ISA_USAGE = YES_ERROR;
				CLANG_WARN_EMPTY_BODY = YES;
				CLANG_WARN_ENUM_CONVERSION = YES;
				CLANG_WARN_INT_CONVERSION = YES;
				CLANG_WARN_OBJC_ROOT_CLASS = YES_ERROR;
				CLANG_WARN_UNREACHABLE_CODE = YES;
				CLANG_WARN__DUPLICATE_METHOD_MATCH = YES;
				"CODE_SIGN_IDENTITY[sdk=iphoneos*]" = "iPhone Developer";
				COPY_PHASE_STRIP = NO;
				DEBUG_INFORMATION_FORMAT = "dwarf-with-dsym";
				ENABLE_NS_ASSERTIONS = NO;
				ENABLE_STRICT_OBJC_MSGSEND = YES;
				GCC_C_LANGUAGE_STANDARD = gnu99;
				GCC_NO_COMMON_BLOCKS = YES;
				GCC_WARN_64_TO_32_BIT_CONVERSION = YES;
				GCC_WARN_ABOUT_RETURN_TYPE = YES_ERROR;
				GCC_WARN_UNDECLARED_SELECTOR = YES;
				GCC_WARN_UNINITIALIZED_AUTOS = YES_AGGRESSIVE;
				GCC_WARN_UNUSED_FUNCTION = YES;
				GCC_WARN_UNUSED_VARIABLE = YES;
				IPHONEOS_DEPLOYMENT_TARGET = 9.1;
				MTL_ENABLE_DEBUG_INFO = NO;
				SDKROOT = iphoneos;
				TARGETED_DEVICE_FAMILY = "1,2";
				VALIDATE_PRODUCT = YES;
			};
			name = Release;
		};
		D877F9E51C357251007F754D /* Debug */ = {
			isa = XCBuildConfiguration;
			buildSettings = {
				ASSETCATALOG_COMPILER_APPICON_NAME = AppIcon;
				INFOPLIST_FILE = AliaShowCase/Info.plist;
				LD_RUNPATH_SEARCH_PATHS = "$(inherited) @executable_path/Frameworks";
				PRODUCT_BUNDLE_IDENTIFIER = co.Ntime.AliaShowCase;
				PRODUCT_NAME = "$(TARGET_NAME)";
			};
			name = Debug;
		};
		D877F9E61C357251007F754D /* Release */ = {
			isa = XCBuildConfiguration;
			buildSettings = {
				ASSETCATALOG_COMPILER_APPICON_NAME = AppIcon;
				INFOPLIST_FILE = AliaShowCase/Info.plist;
				LD_RUNPATH_SEARCH_PATHS = "$(inherited) @executable_path/Frameworks";
				PRODUCT_BUNDLE_IDENTIFIER = co.Ntime.AliaShowCase;
				PRODUCT_NAME = "$(TARGET_NAME)";
			};
			name = Release;
		};
/* End XCBuildConfiguration section */

/* Begin XCConfigurationList section */
		D877F9CD1C357250007F754D /* Build configuration list for PBXProject "AliaShowCase" */ = {
			isa = XCConfigurationList;
			buildConfigurations = (
				D877F9E21C357251007F754D /* Debug */,
				D877F9E31C357251007F754D /* Release */,
			);
			defaultConfigurationIsVisible = 0;
			defaultConfigurationName = Release;
		};
		D877F9E41C357251007F754D /* Build configuration list for PBXNativeTarget "AliaShowCase" */ = {
			isa = XCConfigurationList;
			buildConfigurations = (
				D877F9E51C357251007F754D /* Debug */,
				D877F9E61C357251007F754D /* Release */,
			);
			defaultConfigurationIsVisible = 0;
		};
/* End XCConfigurationList section */
	};
	rootObject = D877F9CA1C357250007F754D /* Project object */;
}
